{
  "originHash" : "717a753c36f4cfca46d8c587e6e3409f7f1f56bab220d815a5b3159cbe314a6d",
  "pins" : [
    {
      "identity" : "mobaibiometricspm",
      "kind" : "remoteSourceControl",
      "location" : "https://github.com/Mobaibio/MobaiBiometricSPM",
      "state" : {
        "revision" : "2fe6c12b8af7b3331d6eae31895e706bc92e3e76",
        "version" : "2.3.1"
      }
    }
  ],
  "version" : 3
}
